schema: '2.0'
stages:
  train:
    cmd: python scripts/train.py
    deps:
    - path: DataOps/Statics/irrigation_prediction_processed.csv
      hash: md5
      md5: 0d8afef50a84bc8862071119de22c0f2
      size: 4871119
    - path: params.yml
      hash: md5
      md5: c0def3906e764495d804885f59e6efb5
      size: 264
    - path: scripts/train.py
      hash: md5
      md5: db183e18dc6d100f0000588b3f613731
      size: 3895
    outs:
    - path: models/best_model.pkl
      hash: md5
      md5: 563fe1a9709ef8974590ddd7fd358653
      size: 17868881
    - path: models/classes.pkl
      hash: md5
      md5: b1cf54b34128114d2f9788c4c72e16f3
      size: 249
    - path: models/features.pkl
      hash: md5
      md5: c1009816ba5e8879039c26d35f66c497
      size: 462
    - path: models/scaler.pkl
      hash: md5
      md5: 9cc02a03c94a08267c0f6fa2dce95014
      size: 1807
  test:
    cmd: pytest tests/
    deps:
    - path: models/best_model.pkl
      hash: md5
      md5: 55171550cceb75d1fe2faf00c4114345
      size: 18782849
    - path: models/classes.pkl
      hash: md5
      md5: b1cf54b34128114d2f9788c4c72e16f3
      size: 249
    - path: models/features.pkl
      hash: md5
      md5: c1009816ba5e8879039c26d35f66c497
      size: 462
    - path: models/scaler.pkl
      hash: md5
      md5: 70d45421b733ff6a19235901394e36cd
      size: 1759
    - path: tests/test_model.py
      hash: md5
      md5: 1ffbbf1f6f3630f9b64e17f883984568
      size: 1651
  evaluate:
    cmd: python scripts/evaluate.py
    deps:
    - path: models/best_model.pkl
      hash: md5
      md5: 563fe1a9709ef8974590ddd7fd358653
      size: 17868881
    - path: scripts/evaluate.py
      hash: md5
      md5: a185df8f4c882fe48077330006334002
      size: 1617
  preprocess:
    cmd: python scripts/preprocess.py
    deps:
    - path: DataOps/Statics/irrigation_prediction.csv
      hash: md5
      md5: 51147860abbe17d2fb852d5356f836ef
      size: 1209516
    - path: scripts/preprocess.py
      hash: md5
      md5: 1b7526e532b895f21a5c953d4c412851
      size: 5227
    outs:
    - path: DataOps/Statics/irrigation_prediction_Variables_Important.csv
      hash: md5
      md5: addead44e7868c75aa2becf7755aa6b8
      size: 874689
    - path: DataOps/Statics/irrigation_prediction_processed.csv
      hash: md5
      md5: 0d8afef50a84bc8862071119de22c0f2
      size: 4871119
